
Microsoft Visual Studio Solution File, Format Version 12.00
# Visual Studio Version 16
VisualStudioVersion = 16.0.31515.178
MinimumVisualStudioVersion = 10.0.40219.1
Project("{FAE04EC0-301F-11D3-BF4B-00C04F79EFBC}") = "WorkerServiceTest", "WorkerServiceTest.csproj", "{A866D5B4-9025-4320-A6EE-407262F30933}"
EndProject
Global
	GlobalSection(SolutionConfigurationPlatforms) = preSolution
		Debug|Any CPU = Debug|Any CPU
		Release|Any CPU = Release|Any CPU
	EndGlobalSection
	GlobalSection(ProjectConfigurationPlatforms) = postSolution
		{A866D5B4-9025-4320-A6EE-407262F30933}.Debug|Any CPU.ActiveCfg = Debug|Any CPU
		{A866D5B4-9025-4320-A6EE-407262F30933}.Debug|Any CPU.Build.0 = Debug|Any CPU
		{A866D5B4-9025-4320-A6EE-407262F30933}.Release|Any CPU.ActiveCfg = Release|Any CPU
		{A866D5B4-9025-4320-A6EE-407262F30933}.Release|Any CPU.Build.0 = Release|Any CPU
	EndGlobalSection
	GlobalSection(SolutionProperties) = preSolution
		HideSolutionNode = FALSE
	EndGlobalSection
	GlobalSection(ExtensibilityGlobals) = postSolution
		SolutionGuid = {7D3B51EB-4CBB-495B-A24E-55847F382199}
	EndGlobalSection
EndGlobal
